// !$*UTF8*$!
{
	archiveVersion = 1;
	classes = {
	};
	objectVersion = 46;
	objects = {

/* Begin PBXBuildFile section */
		C40257011406F43E00DE9021 /* Icon.png in Resources */ = {isa = PBXBuildFile; fileRef = C40256FF1406F43E00DE9021 /* Icon.png */; };
		C40257041406F6A200DE9021 /* Icon@2x.png in Resources */ = {isa = PBXBuildFile; fileRef = C40257031406F6A200DE9021 /* Icon@2x.png */; };
		C4573FA11406587300188DB8 /* BlasterViewController.m in Sources */ = {isa = PBXBuildFile; fileRef = C4573F9F1406587300188DB8 /* BlasterViewController.m */; };
		C4573FA21406587300188DB8 /* BlasterViewController.xib in Resources */ = {isa = PBXBuildFile; fileRef = C4573FA01406587300188DB8 /* BlasterViewController.xib */; };
		C4573FAD1406608400188DB8 /* b_battledroid.mp3 in Resources */ = {isa = PBXBuildFile; fileRef = C4573FA41406608400188DB8 /* b_battledroid.mp3 */; };
		C4573FAE1406608400188DB8 /* b_boba.mp3 in Resources */ = {isa = PBXBuildFile; fileRef = C4573FA51406608400188DB8 /* b_boba.mp3 */; };
		C4573FAF1406608400188DB8 /* b_chewie.mp3 in Resources */ = {isa = PBXBuildFile; fileRef = C4573FA61406608400188DB8 /* b_chewie.mp3 */; };
		C4573FB01406608400188DB8 /* b_clonetrooper.mp3 in Resources */ = {isa = PBXBuildFile; fileRef = C4573FA71406608400188DB8 /* b_clonetrooper.mp3 */; };
		C4573FB11406608400188DB8 /* b_destroyerdroid.mp3 in Resources */ = {isa = PBXBuildFile; fileRef = C4573FA81406608400188DB8 /* b_destroyerdroid.mp3 */; };
		C4573FB21406608400188DB8 /* b_hansolo.mp3 in Resources */ = {isa = PBXBuildFile; fileRef = C4573FA91406608400188DB8 /* b_hansolo.mp3 */; };
		C4573FB31406608400188DB8 /* b_jango.mp3 in Resources */ = {isa = PBXBuildFile; fileRef = C4573FAA1406608400188DB8 /* b_jango.mp3 */; };
		C4573FB41406608400188DB8 /* b_leia.mp3 in Resources */ = {isa = PBXBuildFile; fileRef = C4573FAB1406608400188DB8 /* b_leia.mp3 */; };
		C4573FB51406608400188DB8 /* b_stormtrooper.mp3 in Resources */ = {isa = PBXBuildFile; fileRef = C4573FAC1406608400188DB8 /* b_stormtrooper.mp3 */; };
		C4573FC71406977000188DB8 /* sable.png in Resources */ = {isa = PBXBuildFile; fileRef = C4573FC51406977000188DB8 /* sable.png */; };
		C4573FC81406977000188DB8 /* sable@2x.png in Resources */ = {isa = PBXBuildFile; fileRef = C4573FC61406977000188DB8 /* sable@2x.png */; };
		C4573FCB14069A2700188DB8 /* fdo_Saber.png in Resources */ = {isa = PBXBuildFile; fileRef = C4573FC914069A2700188DB8 /* fdo_Saber.png */; };
		C4573FCC14069A2700188DB8 /* fdo_Saber@2x.png in Resources */ = {isa = PBXBuildFile; fileRef = C4573FCA14069A2700188DB8 /* fdo_Saber@2x.png */; };
		C4573FD514069C9C00188DB8 /* espadazo1.wav in Resources */ = {isa = PBXBuildFile; fileRef = C4573FD214069C9C00188DB8 /* espadazo1.wav */; };
		C4573FD614069C9C00188DB8 /* espadazo2.wav in Resources */ = {isa = PBXBuildFile; fileRef = C4573FD314069C9C00188DB8 /* espadazo2.wav */; };
		C4573FD714069C9C00188DB8 /* espadazo3.wav in Resources */ = {isa = PBXBuildFile; fileRef = C4573FD414069C9C00188DB8 /* espadazo3.wav */; };
		C46761451405132A000B6FE0 /* sabhit1.WAV in Resources */ = {isa = PBXBuildFile; fileRef = C46761431405132A000B6FE0 /* sabhit1.WAV */; };
		C46761461405132A000B6FE0 /* sabhit2.WAV in Resources */ = {isa = PBXBuildFile; fileRef = C46761441405132A000B6FE0 /* sabhit2.WAV */; };
		C4676149140513E9000B6FE0 /* ltsaberhit15.wav in Resources */ = {isa = PBXBuildFile; fileRef = C4676148140513E9000B6FE0 /* ltsaberhit15.wav */; };
		C4A3885B13FD5A9400454921 /* SoundsModel.m in Sources */ = {isa = PBXBuildFile; fileRef = C4A3885A13FD5A9400454921 /* SoundsModel.m */; };
		C4B64BEA1403D0F7006254A3 /* SaberOnViewController.m in Sources */ = {isa = PBXBuildFile; fileRef = C4B64BE91403D0F7006254A3 /* SaberOnViewController.m */; };
		C4B64BED1403D915006254A3 /* sabramb1.wav in Resources */ = {isa = PBXBuildFile; fileRef = C4B64BEC1403D915006254A3 /* sabramb1.wav */; };
		C4B64BF91403F808006254A3 /* ltsaberoff01.wav in Resources */ = {isa = PBXBuildFile; fileRef = C4B64BF71403F808006254A3 /* ltsaberoff01.wav */; };
		C4B64BFA1403F808006254A3 /* ltsaberon01.wav in Resources */ = {isa = PBXBuildFile; fileRef = C4B64BF81403F808006254A3 /* ltsaberon01.wav */; };
		C4B64BFC14041B3B006254A3 /* AudioToolbox.framework in Frameworks */ = {isa = PBXBuildFile; fileRef = C4B64BFB14041B3B006254A3 /* AudioToolbox.framework */; };
		C4B64BFF14041BC0006254A3 /* sabrswg1.wav in Resources */ = {isa = PBXBuildFile; fileRef = C4B64BFD14041BC0006254A3 /* sabrswg1.wav */; };
		C4B64C0014041BC0006254A3 /* sabrswg2.wav in Resources */ = {isa = PBXBuildFile; fileRef = C4B64BFE14041BC0006254A3 /* sabrswg2.wav */; };
		C4B64C04140437A8006254A3 /* sabhit3.WAV in Resources */ = {isa = PBXBuildFile; fileRef = C4B64C03140437A8006254A3 /* sabhit3.WAV */; };
		C4B8E73E13E7ED87004D9720 /* UIKit.framework in Frameworks */ = {isa = PBXBuildFile; fileRef = C4B8E73D13E7ED87004D9720 /* UIKit.framework */; };
		C4B8E74013E7ED87004D9720 /* Foundation.framework in Frameworks */ = {isa = PBXBuildFile; fileRef = C4B8E73F13E7ED87004D9720 /* Foundation.framework */; };
		C4B8E74213E7ED87004D9720 /* CoreGraphics.framework in Frameworks */ = {isa = PBXBuildFile; fileRef = C4B8E74113E7ED87004D9720 /* CoreGraphics.framework */; };
		C4B8E74813E7ED87004D9720 /* InfoPlist.strings in Resources */ = {isa = PBXBuildFile; fileRef = C4B8E74613E7ED87004D9720 /* InfoPlist.strings */; };
		C4B8E74B13E7ED87004D9720 /* main.m in Sources */ = {isa = PBXBuildFile; fileRef = C4B8E74A13E7ED87004D9720 /* main.m */; };
		C4B8E74E13E7ED87004D9720 /* SilentGalaxyAppDelegate.m in Sources */ = {isa = PBXBuildFile; fileRef = C4B8E74D13E7ED87004D9720 /* SilentGalaxyAppDelegate.m */; };
		C4B8E75113E7ED87004D9720 /* MainWindow.xib in Resources */ = {isa = PBXBuildFile; fileRef = C4B8E74F13E7ED87004D9720 /* MainWindow.xib */; };
		C4B8E75713E7ED87004D9720 /* SoundViewController.m in Sources */ = {isa = PBXBuildFile; fileRef = C4B8E75613E7ED87004D9720 /* SoundViewController.m */; };
		C4B8E75D13E7ED87004D9720 /* SoundView.xib in Resources */ = {isa = PBXBuildFile; fileRef = C4B8E75B13E7ED87004D9720 /* SoundView.xib */; };
		C4B8E76913E7F44F004D9720 /* FigurasTableViewController.m in Sources */ = {isa = PBXBuildFile; fileRef = C4B8E76713E7F44F004D9720 /* FigurasTableViewController.m */; };
		C4B8E76A13E7F44F004D9720 /* FigurasTableView.xib in Resources */ = {isa = PBXBuildFile; fileRef = C4B8E76813E7F44F004D9720 /* FigurasTableView.xib */; };
		C4B8E79313E81E7C004D9720 /* DetailFigurasViewController.m in Sources */ = {isa = PBXBuildFile; fileRef = C4B8E79113E81E7C004D9720 /* DetailFigurasViewController.m */; };
		C4B8E79413E81E7C004D9720 /* DetailFigurasView.xib in Resources */ = {isa = PBXBuildFile; fileRef = C4B8E79213E81E7C004D9720 /* DetailFigurasView.xib */; };
		C4B8E7D313E839B5004D9720 /* Possession.m in Sources */ = {isa = PBXBuildFile; fileRef = C4B8E7D213E839B5004D9720 /* Possession.m */; };
		C4C3A45D140280DC00257C78 /* SaberOnView.m in Sources */ = {isa = PBXBuildFile; fileRef = C4C3A45C140280DC00257C78 /* SaberOnView.m */; };
		C4C940E61404E26800A6D8CE /* SaberSoundsModel.m in Sources */ = {isa = PBXBuildFile; fileRef = C4C940E51404E26800A6D8CE /* SaberSoundsModel.m */; };
		C4C940E91405045D00A6D8CE /* sabrswg6.mp3 in Resources */ = {isa = PBXBuildFile; fileRef = C4C940E81405045D00A6D8CE /* sabrswg6.mp3 */; };
		C4C940EB1405049700A6D8CE /* sabrswg4.mp3 in Resources */ = {isa = PBXBuildFile; fileRef = C4C940EA1405049700A6D8CE /* sabrswg4.mp3 */; };
		C4D17B7C13FC2ABC00760C06 /* AVFoundation.framework in Frameworks */ = {isa = PBXBuildFile; fileRef = C4D17B7B13FC2ABC00760C06 /* AVFoundation.framework */; };
		C4FDEF4513FEC03800600B1E /* C3PO-1.WAV in Resources */ = {isa = PBXBuildFile; fileRef = C4FDEF4413FEC03800600B1E /* C3PO-1.WAV */; };
		C4FDEF4713FEC04500600B1E /* SOLO-1.WAV in Resources */ = {isa = PBXBuildFile; fileRef = C4FDEF4613FEC04500600B1E /* SOLO-1.WAV */; };
		C4FDEF4B13FEC7B400600B1E /* SaberViewController.m in Sources */ = {isa = PBXBuildFile; fileRef = C4FDEF4913FEC7B400600B1E /* SaberViewController.m */; };
		C4FDEF4C13FEC7B400600B1E /* SaberView.xib in Resources */ = {isa = PBXBuildFile; fileRef = C4FDEF4A13FEC7B400600B1E /* SaberView.xib */; };
		C4FDEF5713FECC7500600B1E /* GE88.WAV in Resources */ = {isa = PBXBuildFile; fileRef = C4FDEF5513FECC7500600B1E /* GE88.WAV */; };
		C4FDEF5813FECC7500600B1E /* OBIWAN-1.WAV in Resources */ = {isa = PBXBuildFile; fileRef = C4FDEF5613FECC7500600B1E /* OBIWAN-1.WAV */; };
/* End PBXBuildFile section */

/* Begin PBXFileReference section */
		C40256FF1406F43E00DE9021 /* Icon.png */ = {isa = PBXFileReference; lastKnownFileType = image.png; path = Icon.png; sourceTree = "<group>"; };
		C40257031406F6A200DE9021 /* Icon@2x.png */ = {isa = PBXFileReference; lastKnownFileType = image.png; path = "Icon@2x.png"; sourceTree = "<group>"; };
		C4573F9E1406587300188DB8 /* BlasterViewController.h */ = {isa = PBXFileReference; fileEncoding = 4; lastKnownFileType = sourcecode.c.h; path = BlasterViewController.h; sourceTree = "<group>"; };
		C4573F9F1406587300188DB8 /* BlasterViewController.m */ = {isa = PBXFileReference; fileEncoding = 4; lastKnownFileType = sourcecode.c.objc; path = BlasterViewController.m; sourceTree = "<group>"; };
		C4573FA01406587300188DB8 /* BlasterViewController.xib */ = {isa = PBXFileReference; fileEncoding = 4; lastKnownFileType = file.xib; name = BlasterViewController.xib; path = SilentGalaxy/BlasterViewController.xib; sourceTree = "<group>"; };
		C4573FA41406608400188DB8 /* b_battledroid.mp3 */ = {isa = PBXFileReference; lastKnownFileType = audio.mp3; path = b_battledroid.mp3; sourceTree = "<group>"; };
		C4573FA51406608400188DB8 /* b_boba.mp3 */ = {isa = PBXFileReference; lastKnownFileType = audio.mp3; path = b_boba.mp3; sourceTree = "<group>"; };
		C4573FA61406608400188DB8 /* b_chewie.mp3 */ = {isa = PBXFileReference; lastKnownFileType = audio.mp3; path = b_chewie.mp3; sourceTree = "<group>"; };
		C4573FA71406608400188DB8 /* b_clonetrooper.mp3 */ = {isa = PBXFileReference; lastKnownFileType = audio.mp3; path = b_clonetrooper.mp3; sourceTree = "<group>"; };
		C4573FA81406608400188DB8 /* b_destroyerdroid.mp3 */ = {isa = PBXFileReference; lastKnownFileType = audio.mp3; path = b_destroyerdroid.mp3; sourceTree = "<group>"; };
		C4573FA91406608400188DB8 /* b_hansolo.mp3 */ = {isa = PBXFileReference; lastKnownFileType = audio.mp3; path = b_hansolo.mp3; sourceTree = "<group>"; };
		C4573FAA1406608400188DB8 /* b_jango.mp3 */ = {isa = PBXFileReference; lastKnownFileType = audio.mp3; path = b_jango.mp3; sourceTree = "<group>"; };
		C4573FAB1406608400188DB8 /* b_leia.mp3 */ = {isa = PBXFileReference; lastKnownFileType = audio.mp3; path = b_leia.mp3; sourceTree = "<group>"; };
		C4573FAC1406608400188DB8 /* b_stormtrooper.mp3 */ = {isa = PBXFileReference; lastKnownFileType = audio.mp3; path = b_stormtrooper.mp3; sourceTree = "<group>"; };
		C4573FC51406977000188DB8 /* sable.png */ = {isa = PBXFileReference; lastKnownFileType = image.png; path = sable.png; sourceTree = "<group>"; };
		C4573FC61406977000188DB8 /* sable@2x.png */ = {isa = PBXFileReference; lastKnownFileType = image.png; path = "sable@2x.png"; sourceTree = "<group>"; };
		C4573FC914069A2700188DB8 /* fdo_Saber.png */ = {isa = PBXFileReference; lastKnownFileType = image.png; path = fdo_Saber.png; sourceTree = "<group>"; };
		C4573FCA14069A2700188DB8 /* fdo_Saber@2x.png */ = {isa = PBXFileReference; lastKnownFileType = image.png; path = "fdo_Saber@2x.png"; sourceTree = "<group>"; };
		C4573FD214069C9C00188DB8 /* espadazo1.wav */ = {isa = PBXFileReference; lastKnownFileType = audio.wav; path = espadazo1.wav; sourceTree = "<group>"; };
		C4573FD314069C9C00188DB8 /* espadazo2.wav */ = {isa = PBXFileReference; lastKnownFileType = audio.wav; path = espadazo2.wav; sourceTree = "<group>"; };
		C4573FD414069C9C00188DB8 /* espadazo3.wav */ = {isa = PBXFileReference; lastKnownFileType = audio.wav; path = espadazo3.wav; sourceTree = "<group>"; };
		C46761431405132A000B6FE0 /* sabhit1.WAV */ = {isa = PBXFileReference; lastKnownFileType = audio.wav; path = sabhit1.WAV; sourceTree = "<group>"; };
		C46761441405132A000B6FE0 /* sabhit2.WAV */ = {isa = PBXFileReference; lastKnownFileType = audio.wav; path = sabhit2.WAV; sourceTree = "<group>"; };
		C4676148140513E9000B6FE0 /* ltsaberhit15.wav */ = {isa = PBXFileReference; lastKnownFileType = audio.wav; path = ltsaberhit15.wav; sourceTree = "<group>"; };
		C4A3885913FD5A9400454921 /* SoundsModel.h */ = {isa = PBXFileReference; fileEncoding = 4; lastKnownFileType = sourcecode.c.h; path = SoundsModel.h; sourceTree = "<group>"; };
		C4A3885A13FD5A9400454921 /* SoundsModel.m */ = {isa = PBXFileReference; fileEncoding = 4; lastKnownFileType = sourcecode.c.objc; path = SoundsModel.m; sourceTree = "<group>"; };
		C4B64BE81403D0F7006254A3 /* SaberOnViewController.h */ = {isa = PBXFileReference; fileEncoding = 4; lastKnownFileType = sourcecode.c.h; path = SaberOnViewController.h; sourceTree = "<group>"; };
		C4B64BE91403D0F7006254A3 /* SaberOnViewController.m */ = {isa = PBXFileReference; fileEncoding = 4; lastKnownFileType = sourcecode.c.objc; path = SaberOnViewController.m; sourceTree = "<group>"; };
		C4B64BEC1403D915006254A3 /* sabramb1.wav */ = {isa = PBXFileReference; lastKnownFileType = audio.wav; path = sabramb1.wav; sourceTree = "<group>"; };
		C4B64BF71403F808006254A3 /* ltsaberoff01.wav */ = {isa = PBXFileReference; lastKnownFileType = audio.wav; path = ltsaberoff01.wav; sourceTree = "<group>"; };
		C4B64BF81403F808006254A3 /* ltsaberon01.wav */ = {isa = PBXFileReference; lastKnownFileType = audio.wav; path = ltsaberon01.wav; sourceTree = "<group>"; };
		C4B64BFB14041B3B006254A3 /* AudioToolbox.framework */ = {isa = PBXFileReference; lastKnownFileType = wrapper.framework; name = AudioToolbox.framework; path = System/Library/Frameworks/AudioToolbox.framework; sourceTree = SDKROOT; };
		C4B64BFD14041BC0006254A3 /* sabrswg1.wav */ = {isa = PBXFileReference; lastKnownFileType = audio.wav; path = sabrswg1.wav; sourceTree = "<group>"; };
		C4B64BFE14041BC0006254A3 /* sabrswg2.wav */ = {isa = PBXFileReference; lastKnownFileType = audio.wav; path = sabrswg2.wav; sourceTree = "<group>"; };
		C4B64C03140437A8006254A3 /* sabhit3.WAV */ = {isa = PBXFileReference; lastKnownFileType = audio.wav; path = sabhit3.WAV; sourceTree = "<group>"; };
		C4B8E73913E7ED87004D9720 /* SilentGalaxy.app */ = {isa = PBXFileReference; explicitFileType = wrapper.application; includeInIndex = 0; path = SilentGalaxy.app; sourceTree = BUILT_PRODUCTS_DIR; };
		C4B8E73D13E7ED87004D9720 /* UIKit.framework */ = {isa = PBXFileReference; lastKnownFileType = wrapper.framework; name = UIKit.framework; path = System/Library/Frameworks/UIKit.framework; sourceTree = SDKROOT; };
		C4B8E73F13E7ED87004D9720 /* Foundation.framework */ = {isa = PBXFileReference; lastKnownFileType = wrapper.framework; name = Foundation.framework; path = System/Library/Frameworks/Foundation.framework; sourceTree = SDKROOT; };
		C4B8E74113E7ED87004D9720 /* CoreGraphics.framework */ = {isa = PBXFileReference; lastKnownFileType = wrapper.framework; name = CoreGraphics.framework; path = System/Library/Frameworks/CoreGraphics.framework; sourceTree = SDKROOT; };
		C4B8E74513E7ED87004D9720 /* SilentGalaxy-Info.plist */ = {isa = PBXFileReference; lastKnownFileType = text.plist.xml; path = "SilentGalaxy-Info.plist"; sourceTree = "<group>"; };
		C4B8E74713E7ED87004D9720 /* en */ = {isa = PBXFileReference; lastKnownFileType = text.plist.strings; name = en; path = en.lproj/InfoPlist.strings; sourceTree = "<group>"; };
		C4B8E74913E7ED87004D9720 /* SilentGalaxy-Prefix.pch */ = {isa = PBXFileReference; lastKnownFileType = sourcecode.c.h; path = "SilentGalaxy-Prefix.pch"; sourceTree = "<group>"; };
		C4B8E74A13E7ED87004D9720 /* main.m */ = {isa = PBXFileReference; lastKnownFileType = sourcecode.c.objc; path = main.m; sourceTree = "<group>"; };
		C4B8E74C13E7ED87004D9720 /* SilentGalaxyAppDelegate.h */ = {isa = PBXFileReference; lastKnownFileType = sourcecode.c.h; path = SilentGalaxyAppDelegate.h; sourceTree = "<group>"; };
		C4B8E74D13E7ED87004D9720 /* SilentGalaxyAppDelegate.m */ = {isa = PBXFileReference; lastKnownFileType = sourcecode.c.objc; path = SilentGalaxyAppDelegate.m; sourceTree = "<group>"; };
		C4B8E75013E7ED87004D9720 /* en */ = {isa = PBXFileReference; lastKnownFileType = file.xib; name = en; path = en.lproj/MainWindow.xib; sourceTree = "<group>"; };
		C4B8E75513E7ED87004D9720 /* SoundViewController.h */ = {isa = PBXFileReference; lastKnownFileType = sourcecode.c.h; path = SoundViewController.h; sourceTree = "<group>"; };
		C4B8E75613E7ED87004D9720 /* SoundViewController.m */ = {isa = PBXFileReference; lastKnownFileType = sourcecode.c.objc; path = SoundViewController.m; sourceTree = "<group>"; };
		C4B8E75C13E7ED87004D9720 /* en */ = {isa = PBXFileReference; lastKnownFileType = file.xib; name = en; path = en.lproj/SoundView.xib; sourceTree = "<group>"; };
		C4B8E76613E7F44F004D9720 /* FigurasTableViewController.h */ = {isa = PBXFileReference; fileEncoding = 4; lastKnownFileType = sourcecode.c.h; path = FigurasTableViewController.h; sourceTree = "<group>"; };
		C4B8E76713E7F44F004D9720 /* FigurasTableViewController.m */ = {isa = PBXFileReference; fileEncoding = 4; lastKnownFileType = sourcecode.c.objc; path = FigurasTableViewController.m; sourceTree = "<group>"; };
		C4B8E76813E7F44F004D9720 /* FigurasTableView.xib */ = {isa = PBXFileReference; fileEncoding = 4; lastKnownFileType = file.xib; name = FigurasTableView.xib; path = SilentGalaxy/FigurasTableView.xib; sourceTree = "<group>"; };
		C4B8E79013E81E7C004D9720 /* DetailFigurasViewController.h */ = {isa = PBXFileReference; fileEncoding = 4; lastKnownFileType = sourcecode.c.h; path = DetailFigurasViewController.h; sourceTree = "<group>"; };
		C4B8E79113E81E7C004D9720 /* DetailFigurasViewController.m */ = {isa = PBXFileReference; fileEncoding = 4; lastKnownFileType = sourcecode.c.objc; path = DetailFigurasViewController.m; sourceTree = "<group>"; };
		C4B8E79213E81E7C004D9720 /* DetailFigurasView.xib */ = {isa = PBXFileReference; fileEncoding = 4; lastKnownFileType = file.xib; name = DetailFigurasView.xib; path = SilentGalaxy/DetailFigurasView.xib; sourceTree = "<group>"; };
		C4B8E7D113E839B5004D9720 /* Possession.h */ = {isa = PBXFileReference; fileEncoding = 4; lastKnownFileType = sourcecode.c.h; path = Possession.h; sourceTree = "<group>"; };
		C4B8E7D213E839B5004D9720 /* Possession.m */ = {isa = PBXFileReference; fileEncoding = 4; lastKnownFileType = sourcecode.c.objc; path = Possession.m; sourceTree = "<group>"; };
		C4C3A45B140280DC00257C78 /* SaberOnView.h */ = {isa = PBXFileReference; fileEncoding = 4; lastKnownFileType = sourcecode.c.h; path = SaberOnView.h; sourceTree = "<group>"; };
		C4C3A45C140280DC00257C78 /* SaberOnView.m */ = {isa = PBXFileReference; fileEncoding = 4; lastKnownFileType = sourcecode.c.objc; path = SaberOnView.m; sourceTree = "<group>"; };
		C4C940E41404E26800A6D8CE /* SaberSoundsModel.h */ = {isa = PBXFileReference; fileEncoding = 4; lastKnownFileType = sourcecode.c.h; path = SaberSoundsModel.h; sourceTree = "<group>"; };
		C4C940E51404E26800A6D8CE /* SaberSoundsModel.m */ = {isa = PBXFileReference; fileEncoding = 4; lastKnownFileType = sourcecode.c.objc; path = SaberSoundsModel.m; sourceTree = "<group>"; };
		C4C940E81405045D00A6D8CE /* sabrswg6.mp3 */ = {isa = PBXFileReference; lastKnownFileType = audio.mp3; path = sabrswg6.mp3; sourceTree = "<group>"; };
		C4C940EA1405049700A6D8CE /* sabrswg4.mp3 */ = {isa = PBXFileReference; lastKnownFileType = audio.mp3; path = sabrswg4.mp3; sourceTree = "<group>"; };
		C4D17B7B13FC2ABC00760C06 /* AVFoundation.framework */ = {isa = PBXFileReference; lastKnownFileType = wrapper.framework; name = AVFoundation.framework; path = System/Library/Frameworks/AVFoundation.framework; sourceTree = SDKROOT; };
		C4FDEF4413FEC03800600B1E /* C3PO-1.WAV */ = {isa = PBXFileReference; lastKnownFileType = audio.wav; path = "C3PO-1.WAV"; sourceTree = "<group>"; };
		C4FDEF4613FEC04500600B1E /* SOLO-1.WAV */ = {isa = PBXFileReference; lastKnownFileType = audio.wav; path = "SOLO-1.WAV"; sourceTree = "<group>"; };
		C4FDEF4813FEC7B400600B1E /* SaberViewController.h */ = {isa = PBXFileReference; fileEncoding = 4; lastKnownFileType = sourcecode.c.h; path = SaberViewController.h; sourceTree = "<group>"; };
		C4FDEF4913FEC7B400600B1E /* SaberViewController.m */ = {isa = PBXFileReference; fileEncoding = 4; lastKnownFileType = sourcecode.c.objc; path = SaberViewController.m; sourceTree = "<group>"; };
		C4FDEF4A13FEC7B400600B1E /* SaberView.xib */ = {isa = PBXFileReference; fileEncoding = 4; lastKnownFileType = file.xib; name = SaberView.xib; path = SilentGalaxy/SaberView.xib; sourceTree = "<group>"; };
		C4FDEF5513FECC7500600B1E /* GE88.WAV */ = {isa = PBXFileReference; lastKnownFileType = audio.wav; path = GE88.WAV; sourceTree = "<group>"; };
		C4FDEF5613FECC7500600B1E /* OBIWAN-1.WAV */ = {isa = PBXFileReference; lastKnownFileType = audio.wav; path = "OBIWAN-1.WAV"; sourceTree = "<group>"; };
/* End PBXFileReference section */

/* Begin PBXFrameworksBuildPhase section */
		C4B8E73613E7ED87004D9720 /* Frameworks */ = {
			isa = PBXFrameworksBuildPhase;
			buildActionMask = 2147483647;
			files = (
				C4B64BFC14041B3B006254A3 /* AudioToolbox.framework in Frameworks */,
				C4D17B7C13FC2ABC00760C06 /* AVFoundation.framework in Frameworks */,
				C4B8E73E13E7ED87004D9720 /* UIKit.framework in Frameworks */,
				C4B8E74013E7ED87004D9720 /* Foundation.framework in Frameworks */,
				C4B8E74213E7ED87004D9720 /* CoreGraphics.framework in Frameworks */,
			);
			runOnlyForDeploymentPostprocessing = 0;
		};
/* End PBXFrameworksBuildPhase section */

/* Begin PBXGroup section */
		C4573FCD14069B0300188DB8 /* images */ = {
			isa = PBXGroup;
			children = (
				C40257031406F6A200DE9021 /* Icon@2x.png */,
				C40256FF1406F43E00DE9021 /* Icon.png */,
				C4573FC914069A2700188DB8 /* fdo_Saber.png */,
				C4573FCA14069A2700188DB8 /* fdo_Saber@2x.png */,
				C4573FC51406977000188DB8 /* sable.png */,
				C4573FC61406977000188DB8 /* sable@2x.png */,
			);
			name = images;
			sourceTree = "<group>";
		};
		C4573FCE14069B3800188DB8 /* sounds */ = {
			isa = PBXGroup;
			children = (
				C4573FD114069B7B00188DB8 /* saber */,
				C4573FD014069B6D00188DB8 /* frases */,
				C4573FCF14069B5700188DB8 /* blaster */,
			);
			name = sounds;
			sourceTree = "<group>";
		};
		C4573FCF14069B5700188DB8 /* blaster */ = {
			isa = PBXGroup;
			children = (
				C4573FA41406608400188DB8 /* b_battledroid.mp3 */,
				C4573FA51406608400188DB8 /* b_boba.mp3 */,
				C4573FA61406608400188DB8 /* b_chewie.mp3 */,
				C4573FA71406608400188DB8 /* b_clonetrooper.mp3 */,
				C4573FA81406608400188DB8 /* b_destroyerdroid.mp3 */,
				C4573FA91406608400188DB8 /* b_hansolo.mp3 */,
				C4573FAA1406608400188DB8 /* b_jango.mp3 */,
				C4573FAB1406608400188DB8 /* b_leia.mp3 */,
				C4573FAC1406608400188DB8 /* b_stormtrooper.mp3 */,
			);
			name = blaster;
			sourceTree = "<group>";
		};
		C4573FD014069B6D00188DB8 /* frases */ = {
			isa = PBXGroup;
			children = (
				C4FDEF5513FECC7500600B1E /* GE88.WAV */,
				C4FDEF5613FECC7500600B1E /* OBIWAN-1.WAV */,
				C4FDEF4613FEC04500600B1E /* SOLO-1.WAV */,
				C4FDEF4413FEC03800600B1E /* C3PO-1.WAV */,
			);
			name = frases;
			sourceTree = "<group>";
		};
		C4573FD114069B7B00188DB8 /* saber */ = {
			isa = PBXGroup;
			children = (
				C4573FD214069C9C00188DB8 /* espadazo1.wav */,
				C4573FD314069C9C00188DB8 /* espadazo2.wav */,
				C4573FD414069C9C00188DB8 /* espadazo3.wav */,
				C4676148140513E9000B6FE0 /* ltsaberhit15.wav */,
				C46761431405132A000B6FE0 /* sabhit1.WAV */,
				C46761441405132A000B6FE0 /* sabhit2.WAV */,
				C4B64C03140437A8006254A3 /* sabhit3.WAV */,
				C4C940EA1405049700A6D8CE /* sabrswg4.mp3 */,
				C4C940E81405045D00A6D8CE /* sabrswg6.mp3 */,
				C4B64BFD14041BC0006254A3 /* sabrswg1.wav */,
				C4B64BFE14041BC0006254A3 /* sabrswg2.wav */,
				C4B64BF71403F808006254A3 /* ltsaberoff01.wav */,
				C4B64BF81403F808006254A3 /* ltsaberon01.wav */,
				C4B64BEC1403D915006254A3 /* sabramb1.wav */,
			);
			name = saber;
			sourceTree = "<group>";
		};
		C4B8E72E13E7ED87004D9720 = {
			isa = PBXGroup;
			children = (
				C4D17B7713FC290900760C06 /* Resources */,
				C4B8E76313E7EE4A004D9720 /* xib */,
				C4B8E74313E7ED87004D9720 /* Classes */,
				C4B8E73C13E7ED87004D9720 /* Frameworks */,
				C4B8E73A13E7ED87004D9720 /* Products */,
			);
			sourceTree = "<group>";
		};
		C4B8E73A13E7ED87004D9720 /* Products */ = {
			isa = PBXGroup;
			children = (
				C4B8E73913E7ED87004D9720 /* SilentGalaxy.app */,
			);
			name = Products;
			sourceTree = "<group>";
		};
		C4B8E73C13E7ED87004D9720 /* Frameworks */ = {
			isa = PBXGroup;
			children = (
				C4B64BFB14041B3B006254A3 /* AudioToolbox.framework */,
				C4D17B7B13FC2ABC00760C06 /* AVFoundation.framework */,
				C4B8E73D13E7ED87004D9720 /* UIKit.framework */,
				C4B8E73F13E7ED87004D9720 /* Foundation.framework */,
				C4B8E74113E7ED87004D9720 /* CoreGraphics.framework */,
			);
			name = Frameworks;
			sourceTree = "<group>";
		};
		C4B8E74313E7ED87004D9720 /* Classes */ = {
			isa = PBXGroup;
			children = (
				C4B8E74C13E7ED87004D9720 /* SilentGalaxyAppDelegate.h */,
				C4B8E74D13E7ED87004D9720 /* SilentGalaxyAppDelegate.m */,
				C4B8E76613E7F44F004D9720 /* FigurasTableViewController.h */,
				C4B8E76713E7F44F004D9720 /* FigurasTableViewController.m */,
				C4B8E79013E81E7C004D9720 /* DetailFigurasViewController.h */,
				C4B8E79113E81E7C004D9720 /* DetailFigurasViewController.m */,
				C4B8E75513E7ED87004D9720 /* SoundViewController.h */,
				C4B8E75613E7ED87004D9720 /* SoundViewController.m */,
				C4A3885913FD5A9400454921 /* SoundsModel.h */,
				C4A3885A13FD5A9400454921 /* SoundsModel.m */,
				C4FDEF4813FEC7B400600B1E /* SaberViewController.h */,
				C4FDEF4913FEC7B400600B1E /* SaberViewController.m */,
				C4B64BE81403D0F7006254A3 /* SaberOnViewController.h */,
				C4B64BE91403D0F7006254A3 /* SaberOnViewController.m */,
				C4C3A45B140280DC00257C78 /* SaberOnView.h */,
				C4C3A45C140280DC00257C78 /* SaberOnView.m */,
				C4C940E41404E26800A6D8CE /* SaberSoundsModel.h */,
				C4C940E51404E26800A6D8CE /* SaberSoundsModel.m */,
				C4573F9E1406587300188DB8 /* BlasterViewController.h */,
				C4573F9F1406587300188DB8 /* BlasterViewController.m */,
				C4B8E7D113E839B5004D9720 /* Possession.h */,
				C4B8E7D213E839B5004D9720 /* Possession.m */,
				C4B8E74413E7ED87004D9720 /* Supporting Files */,
			);
			name = Classes;
			path = SilentGalaxy;
			sourceTree = "<group>";
		};
		C4B8E74413E7ED87004D9720 /* Supporting Files */ = {
			isa = PBXGroup;
			children = (
				C4B8E74513E7ED87004D9720 /* SilentGalaxy-Info.plist */,
				C4B8E74613E7ED87004D9720 /* InfoPlist.strings */,
				C4B8E74913E7ED87004D9720 /* SilentGalaxy-Prefix.pch */,
				C4B8E74A13E7ED87004D9720 /* main.m */,
			);
			name = "Supporting Files";
			sourceTree = "<group>";
		};
		C4B8E76313E7EE4A004D9720 /* xib */ = {
			isa = PBXGroup;
			children = (
				C4B8E74F13E7ED87004D9720 /* MainWindow.xib */,
				C4B8E76813E7F44F004D9720 /* FigurasTableView.xib */,
				C4B8E79213E81E7C004D9720 /* DetailFigurasView.xib */,
				C4B8E75B13E7ED87004D9720 /* SoundView.xib */,
				C4FDEF4A13FEC7B400600B1E /* SaberView.xib */,
				C4573FA01406587300188DB8 /* BlasterViewController.xib */,
			);
			name = xib;
			sourceTree = "<group>";
		};
		C4D17B7713FC290900760C06 /* Resources */ = {
			isa = PBXGroup;
			children = (
				C4573FCE14069B3800188DB8 /* sounds */,
				C4573FCD14069B0300188DB8 /* images */,
			);
			name = Resources;
			sourceTree = "<group>";
		};
/* End PBXGroup section */

/* Begin PBXNativeTarget section */
		C4B8E73813E7ED87004D9720 /* SilentGalaxy */ = {
			isa = PBXNativeTarget;
			buildConfigurationList = C4B8E76013E7ED87004D9720 /* Build configuration list for PBXNativeTarget "SilentGalaxy" */;
			buildPhases = (
				C4B8E73513E7ED87004D9720 /* Sources */,
				C4B8E73613E7ED87004D9720 /* Frameworks */,
				C4B8E73713E7ED87004D9720 /* Resources */,
			);
			buildRules = (
			);
			dependencies = (
			);
			name = SilentGalaxy;
			productName = SilentGalaxy;
			productReference = C4B8E73913E7ED87004D9720 /* SilentGalaxy.app */;
			productType = "com.apple.product-type.application";
		};
/* End PBXNativeTarget section */

/* Begin PBXProject section */
		C4B8E73013E7ED87004D9720 /* Project object */ = {
			isa = PBXProject;
			buildConfigurationList = C4B8E73313E7ED87004D9720 /* Build configuration list for PBXProject "SilentGalaxy" */;
			compatibilityVersion = "Xcode 3.2";
			developmentRegion = English;
			hasScannedForEncodings = 0;
			knownRegions = (
				en,
			);
			mainGroup = C4B8E72E13E7ED87004D9720;
			productRefGroup = C4B8E73A13E7ED87004D9720 /* Products */;
			projectDirPath = "";
			projectRoot = "";
			targets = (
				C4B8E73813E7ED87004D9720 /* SilentGalaxy */,
			);
		};
/* End PBXProject section */

/* Begin PBXResourcesBuildPhase section */
		C4B8E73713E7ED87004D9720 /* Resources */ = {
			isa = PBXResourcesBuildPhase;
			buildActionMask = 2147483647;
			files = (
				C4B8E74813E7ED87004D9720 /* InfoPlist.strings in Resources */,
				C4B8E75113E7ED87004D9720 /* MainWindow.xib in Resources */,
				C4B8E75D13E7ED87004D9720 /* SoundView.xib in Resources */,
				C4B8E76A13E7F44F004D9720 /* FigurasTableView.xib in Resources */,
				C4B8E79413E81E7C004D9720 /* DetailFigurasView.xib in Resources */,
				C4FDEF4513FEC03800600B1E /* C3PO-1.WAV in Resources */,
				C4FDEF4713FEC04500600B1E /* SOLO-1.WAV in Resources */,
				C4FDEF4C13FEC7B400600B1E /* SaberView.xib in Resources */,
				C4FDEF5713FECC7500600B1E /* GE88.WAV in Resources */,
				C4FDEF5813FECC7500600B1E /* OBIWAN-1.WAV in Resources */,
				C4B64BED1403D915006254A3 /* sabramb1.wav in Resources */,
				C4B64BF91403F808006254A3 /* ltsaberoff01.wav in Resources */,
				C4B64BFA1403F808006254A3 /* ltsaberon01.wav in Resources */,
				C4B64BFF14041BC0006254A3 /* sabrswg1.wav in Resources */,
				C4B64C0014041BC0006254A3 /* sabrswg2.wav in Resources */,
				C4B64C04140437A8006254A3 /* sabhit3.WAV in Resources */,
				C4C940E91405045D00A6D8CE /* sabrswg6.mp3 in Resources */,
				C4C940EB1405049700A6D8CE /* sabrswg4.mp3 in Resources */,
				C46761451405132A000B6FE0 /* sabhit1.WAV in Resources */,
				C46761461405132A000B6FE0 /* sabhit2.WAV in Resources */,
				C4676149140513E9000B6FE0 /* ltsaberhit15.wav in Resources */,
				C4573FA21406587300188DB8 /* BlasterViewController.xib in Resources */,
				C4573FAD1406608400188DB8 /* b_battledroid.mp3 in Resources */,
				C4573FAE1406608400188DB8 /* b_boba.mp3 in Resources */,
				C4573FAF1406608400188DB8 /* b_chewie.mp3 in Resources */,
				C4573FB01406608400188DB8 /* b_clonetrooper.mp3 in Resources */,
				C4573FB11406608400188DB8 /* b_destroyerdroid.mp3 in Resources */,
				C4573FB21406608400188DB8 /* b_hansolo.mp3 in Resources */,
				C4573FB31406608400188DB8 /* b_jango.mp3 in Resources */,
				C4573FB41406608400188DB8 /* b_leia.mp3 in Resources */,
				C4573FB51406608400188DB8 /* b_stormtrooper.mp3 in Resources */,
				C4573FC71406977000188DB8 /* sable.png in Resources */,
				C4573FC81406977000188DB8 /* sable@2x.png in Resources */,
				C4573FCB14069A2700188DB8 /* fdo_Saber.png in Resources */,
				C4573FCC14069A2700188DB8 /* fdo_Saber@2x.png in Resources */,
				C4573FD514069C9C00188DB8 /* espadazo1.wav in Resources */,
				C4573FD614069C9C00188DB8 /* espadazo2.wav in Resources */,
				C4573FD714069C9C00188DB8 /* espadazo3.wav in Resources */,
				C40257011406F43E00DE9021 /* Icon.png in Resources */,
				C40257041406F6A200DE9021 /* Icon@2x.png in Resources */,
			);
			runOnlyForDeploymentPostprocessing = 0;
		};
/* End PBXResourcesBuildPhase section */

/* Begin PBXSourcesBuildPhase section */
		C4B8E73513E7ED87004D9720 /* Sources */ = {
			isa = PBXSourcesBuildPhase;
			buildActionMask = 2147483647;
			files = (
				C4B8E74B13E7ED87004D9720 /* main.m in Sources */,
				C4B8E74E13E7ED87004D9720 /* SilentGalaxyAppDelegate.m in Sources */,
				C4B8E75713E7ED87004D9720 /* SoundViewController.m in Sources */,
				C4B8E76913E7F44F004D9720 /* FigurasTableViewController.m in Sources */,
				C4B8E79313E81E7C004D9720 /* DetailFigurasViewController.m in Sources */,
				C4B8E7D313E839B5004D9720 /* Possession.m in Sources */,
				C4A3885B13FD5A9400454921 /* SoundsModel.m in Sources */,
				C4FDEF4B13FEC7B400600B1E /* SaberViewController.m in Sources */,
				C4C3A45D140280DC00257C78 /* SaberOnView.m in Sources */,
				C4B64BEA1403D0F7006254A3 /* SaberOnViewController.m in Sources */,
				C4C940E61404E26800A6D8CE /* SaberSoundsModel.m in Sources */,
				C4573FA11406587300188DB8 /* BlasterViewController.m in Sources */,
			);
			runOnlyForDeploymentPostprocessing = 0;
		};
/* End PBXSourcesBuildPhase section */

/* Begin PBXVariantGroup section */
		C4B8E74613E7ED87004D9720 /* InfoPlist.strings */ = {
			isa = PBXVariantGroup;
			children = (
				C4B8E74713E7ED87004D9720 /* en */,
			);
			name = InfoPlist.strings;
			sourceTree = "<group>";
		};
		C4B8E74F13E7ED87004D9720 /* MainWindow.xib */ = {
			isa = PBXVariantGroup;
			children = (
				C4B8E75013E7ED87004D9720 /* en */,
			);
			name = MainWindow.xib;
			path = SilentGalaxy;
			sourceTree = "<group>";
		};
		C4B8E75B13E7ED87004D9720 /* SoundView.xib */ = {
			isa = PBXVariantGroup;
			children = (
				C4B8E75C13E7ED87004D9720 /* en */,
			);
			name = SoundView.xib;
			path = SilentGalaxy;
			sourceTree = "<group>";
		};
/* End PBXVariantGroup section */

/* Begin XCBuildConfiguration section */
		C4B8E75E13E7ED87004D9720 /* Debug */ = {
			isa = XCBuildConfiguration;
			buildSettings = {
				ARCHS = "$(ARCHS_STANDARD_32_BIT)";
				"CODE_SIGN_IDENTITY[sdk=iphoneos*]" = "iPhone Developer";
				GCC_C_LANGUAGE_STANDARD = gnu99;
				GCC_OPTIMIZATION_LEVEL = 0;
				GCC_PREPROCESSOR_DEFINITIONS = DEBUG;
				GCC_SYMBOLS_PRIVATE_EXTERN = NO;
				GCC_VERSION = com.apple.compilers.llvmgcc42;
				GCC_WARN_ABOUT_RETURN_TYPE = YES;
				GCC_WARN_UNUSED_VARIABLE = YES;
				IPHONEOS_DEPLOYMENT_TARGET = 4.3;
				SDKROOT = iphoneos;
			};
			name = Debug;
		};
		C4B8E75F13E7ED87004D9720 /* Release */ = {
			isa = XCBuildConfiguration;
			buildSettings = {
				ARCHS = "$(ARCHS_STANDARD_32_BIT)";
				"CODE_SIGN_IDENTITY[sdk=iphoneos*]" = "iPhone Developer";
				GCC_C_LANGUAGE_STANDARD = gnu99;
				GCC_VERSION = com.apple.compilers.llvmgcc42;
				GCC_WARN_ABOUT_RETURN_TYPE = YES;
				GCC_WARN_UNUSED_VARIABLE = YES;
				IPHONEOS_DEPLOYMENT_TARGET = 4.3;
				OTHER_CFLAGS = "-DNS_BLOCK_ASSERTIONS=1";
				SDKROOT = iphoneos;
			};
			name = Release;
		};
		C4B8E76113E7ED87004D9720 /* Debug */ = {
			isa = XCBuildConfiguration;
			buildSettings = {
				ALWAYS_SEARCH_USER_PATHS = NO;
				COPY_PHASE_STRIP = NO;
				GCC_DYNAMIC_NO_PIC = NO;
				GCC_PRECOMPILE_PREFIX_HEADER = YES;
				GCC_PREFIX_HEADER = "SilentGalaxy/SilentGalaxy-Prefix.pch";
				INFOPLIST_FILE = "SilentGalaxy/SilentGalaxy-Info.plist";
				PRODUCT_NAME = "$(TARGET_NAME)";
				WRAPPER_EXTENSION = app;
			};
			name = Debug;
		};
		C4B8E76213E7ED87004D9720 /* Release */ = {
			isa = XCBuildConfiguration;
			buildSettings = {
				ALWAYS_SEARCH_USER_PATHS = NO;
				COPY_PHASE_STRIP = YES;
				GCC_PRECOMPILE_PREFIX_HEADER = YES;
				GCC_PREFIX_HEADER = "SilentGalaxy/SilentGalaxy-Prefix.pch";
				INFOPLIST_FILE = "SilentGalaxy/SilentGalaxy-Info.plist";
				PRODUCT_NAME = "$(TARGET_NAME)";
				VALIDATE_PRODUCT = YES;
				WRAPPER_EXTENSION = app;
			};
			name = Release;
		};
/* End XCBuildConfiguration section */

/* Begin XCConfigurationList section */
		C4B8E73313E7ED87004D9720 /* Build configuration list for PBXProject "SilentGalaxy" */ = {
			isa = XCConfigurationList;
			buildConfigurations = (
				C4B8E75E13E7ED87004D9720 /* Debug */,
				C4B8E75F13E7ED87004D9720 /* Release */,
			);
			defaultConfigurationIsVisible = 0;
			defaultConfigurationName = Release;
		};
		C4B8E76013E7ED87004D9720 /* Build configuration list for PBXNativeTarget "SilentGalaxy" */ = {
			isa = XCConfigurationList;
			buildConfigurations = (
				C4B8E76113E7ED87004D9720 /* Debug */,
				C4B8E76213E7ED87004D9720 /* Release */,
			);
			defaultConfigurationIsVisible = 0;
			defaultConfigurationName = Release;
		};
/* End XCConfigurationList section */
	};
	rootObject = C4B8E73013E7ED87004D9720 /* Project object */;
}
